Microsoft Visual Studio Solution File, Format Version 12.00
# Visual Studio Version 17
VisualStudioVersion = 17.4.33205.214
MinimumVisualStudioVersion = 16.0.0.0
Project("{9A19103F-16F7-4668-BE54-9A1E7A4F7556}") = "PrintShopDesigns", "PrintShopDesigns.csproj", "{3E05DEE5-19CF-46E0-B414-A686F0506622}"
EndProject
Project("{FAE04EC0-301F-11D3-BF4B-00C04F79EFBC}") = "PrintShopDesigns_Reports", "..\PrintShopDesigns_Reports\PrintShopDesigns_Reports.csproj", "{D39646C6-AEE3-4142-8170-B6362AED53E7}"
EndProject
Global
	GlobalSection(SolutionConfigurationPlatforms) = preSolution
		Debug|Any CPU = Debug|Any CPU
		Debug|x64 = Debug|x64
		Debug|x86 = Debug|x86
		Release|Any CPU = Release|Any CPU
		Release|x64 = Release|x64
		Release|x86 = Release|x86
	EndGlobalSection
	GlobalSection(ProjectConfigurationPlatforms) = postSolution
		{3E05DEE5-19CF-46E0-B414-A686F0506622}.Debug|Any CPU.ActiveCfg = Debug|Any CPU
		{3E05DEE5-19CF-46E0-B414-A686F0506622}.Debug|Any CPU.Build.0 = Debug|Any CPU
		{3E05DEE5-19CF-46E0-B414-A686F0506622}.Debug|x64.ActiveCfg = Debug|Any CPU
		{3E05DEE5-19CF-46E0-B414-A686F0506622}.Debug|x64.Build.0 = Debug|Any CPU
		{3E05DEE5-19CF-46E0-B414-A686F0506622}.Debug|x86.ActiveCfg = Debug|Any CPU
		{3E05DEE5-19CF-46E0-B414-A686F0506622}.Debug|x86.Build.0 = Debug|Any CPU
		{3E05DEE5-19CF-46E0-B414-A686F0506622}.Release|Any CPU.ActiveCfg = Release|Any CPU
		{3E05DEE5-19CF-46E0-B414-A686F0506622}.Release|Any CPU.Build.0 = Release|Any CPU
		{3E05DEE5-19CF-46E0-B414-A686F0506622}.Release|x64.ActiveCfg = Release|Any CPU
		{3E05DEE5-19CF-46E0-B414-A686F0506622}.Release|x64.Build.0 = Release|Any CPU
		{3E05DEE5-19CF-46E0-B414-A686F0506622}.Release|x86.ActiveCfg = Release|Any CPU
		{3E05DEE5-19CF-46E0-B414-A686F0506622}.Release|x86.Build.0 = Release|Any CPU
		{D39646C6-AEE3-4142-8170-B6362AED53E7}.Debug|Any CPU.ActiveCfg = Debug|Any CPU
		{D39646C6-AEE3-4142-8170-B6362AED53E7}.Debug|Any CPU.Build.0 = Debug|Any CPU
		{D39646C6-AEE3-4142-8170-B6362AED53E7}.Debug|x64.ActiveCfg = Debug|Any CPU
		{D39646C6-AEE3-4142-8170-B6362AED53E7}.Debug|x64.Build.0 = Debug|Any CPU
		{D39646C6-AEE3-4142-8170-B6362AED53E7}.Debug|x86.ActiveCfg = Debug|Any CPU
		{D39646C6-AEE3-4142-8170-B6362AED53E7}.Debug|x86.Build.0 = Debug|Any CPU
		{D39646C6-AEE3-4142-8170-B6362AED53E7}.Release|Any CPU.ActiveCfg = Release|Any CPU
		{D39646C6-AEE3-4142-8170-B6362AED53E7}.Release|Any CPU.Build.0 = Release|Any CPU
		{D39646C6-AEE3-4142-8170-B6362AED53E7}.Release|x64.ActiveCfg = Release|Any CPU
		{D39646C6-AEE3-4142-8170-B6362AED53E7}.Release|x64.Build.0 = Release|Any CPU
		{D39646C6-AEE3-4142-8170-B6362AED53E7}.Release|x86.ActiveCfg = Release|Any CPU
		{D39646C6-AEE3-4142-8170-B6362AED53E7}.Release|x86.Build.0 = Release|Any CPU
	EndGlobalSection
	GlobalSection(SolutionProperties) = preSolution
		HideSolutionNode = FALSE
	EndGlobalSection
	GlobalSection(ExtensibilityGlobals) = postSolution
		SolutionGuid = {242D40DA-141E-41F1-AD5A-B6B59159DDAF}
	EndGlobalSection
EndGlobal
